schema: '2.0'
stages:
  data_ingestion:
    cmd: python src/data_ingestion.py
    deps:
    - path: data/tweets.csv
      hash: md5
      md5: 887359d6a2a8d4fbf2326819e24dcadc
      size: 1092308
    - path: src/data_ingestion.py
      hash: md5
      md5: 7cdcfcd77498be766384fa61f9281510
      size: 1788
    outs:
    - path: data/raw
      hash: md5
      md5: 562cdabec6cfdf43331c37638778274b.dir
      size: 1100245
      nfiles: 2
  data_preprocessing:
    cmd: python src/data_preprocessing.py
    deps:
    - path: data/raw
      hash: md5
      md5: 562cdabec6cfdf43331c37638778274b.dir
      size: 1100245
      nfiles: 2
    - path: src/data_preprocessing.py
      hash: md5
      md5: 197f1a8487b3e0a180a0c8136b87ef90
      size: 3431
    outs:
    - path: data/processed
      hash: md5
      md5: 48780d76b89254c7d09652f632d9a896.dir
      size: 869143
      nfiles: 2
  feature_engineering:
    cmd: python src/feature_engineering.py
    deps:
    - path: data/processed
      hash: md5
      md5: 48780d76b89254c7d09652f632d9a896.dir
      size: 869143
      nfiles: 2
    - path: params.yaml
      hash: md5
      md5: 9f95cbb70911aeb41de382b0a5864270
      size: 98
    - path: src/feature_engineering.py
      hash: md5
      md5: 874dc8d8862add89c4ae7c66923b7c55
      size: 1605
    params:
      params.yaml:
        vectorizer.max_features: 8000
        vectorizer.ngram_max: 2
        vectorizer.ngram_min: 1
    outs:
    - path: data/features
      hash: md5
      md5: 1db5fbc4b2c542b7a03f603baaeb94dc.dir
      size: 126858936
      nfiles: 2
    - path: vectorizer.pkl
      hash: md5
      md5: c5dce0f922a04ad034208e0cc372c6da
      size: 249935
  model_training:
    cmd: python src/model_training.py
    deps:
    - path: data/features/train_bow.csv
      hash: md5
      md5: 9c9f3dc2c6f6504587ff7db6186af2ec
      size: 101464476
    - path: params.yaml
      hash: md5
      md5: 9f95cbb70911aeb41de382b0a5864270
      size: 98
    - path: src/model_training.py
      hash: md5
      md5: c3a4c7aa812c5675acdab8c76de96c87
      size: 1284
    params:
      params.yaml:
        model.n_estimators: 150
    outs:
    - path: model.pkl
      hash: md5
      md5: eecc4f9b9af8564140c97437bceed6ac
      size: 190908
  model_evaluation:
    cmd: python src/model_evaluation.py
    deps:
    - path: data/features/test_bow.csv
      hash: md5
      md5: 581271dc6249cd7d948ebafa5c309f41
      size: 25394460
    - path: model.pkl
      hash: md5
      md5: eecc4f9b9af8564140c97437bceed6ac
      size: 190908
    - path: src/model_evaluation.py
      hash: md5
      md5: 017a5f0f5e5f3a21779483f378f899a8
      size: 1524
    outs:
    - path: metrics.json
      hash: md5
      md5: 3ca4d990698fd8b670e0fe31daacb95f
      size: 145
